{
  "nodes": {
    "nix-node-package": {
      "locked": {
        "lastModified": 1706303050,
        "narHash": "sha256-LCELgjzunxEsZQNRYJmVJ6FRVVurEsffed9aB8kPheE=",
        "owner": "mkg20001",
        "repo": "nix-node-package",
        "rev": "90f6ad8de81e3b75c2b0e6e3f9711bb094a5072b",
        "type": "github"
      },
      "original": {
        "owner": "mkg20001",
        "ref": "master",
        "repo": "nix-node-package",
        "type": "github"
      }
    },
    "nixpkgs": {
      "locked": {
        "lastModified": 1707347730,
        "narHash": "sha256-0etC/exQIaqC9vliKhc3eZE2Mm2wgLa0tj93ZF/egvM=",
        "owner": "nixos",
        "repo": "nixpkgs",
        "rev": "6832d0d99649db3d65a0e15fa51471537b2c56a6",
        "type": "github"
      },
      "original": {
        "owner": "nixos",
        "ref": "nixos-23.11",
        "repo": "nixpkgs",
        "type": "github"
      }
    },
    "root": {
      "inputs": {
        "nix-node-package": "nix-node-package",
        "nixpkgs": "nixpkgs"
      }
    }
  },
  "root": "root",
  "version": 7
}
